{
  "name": "repository-records-impl",
  "version": "1.0.0",
  "lockfileVersion": 3,
  "requires": true,
  "packages": {
    "": {
      "name": "repository-records-impl",
      "version": "1.0.0",
      "license": "ISC",
      "dependencies": {
        "db-impl": "file:../../../db/impl"
      },
      "devDependencies": {
        "@types/db-api": "file:../../../db/api",
        "@types/entity-api": "file:../../../entity/api",
        "@types/repository-records-api": "file:../api"
      }
    },
    "../../../db/api": {
      "name": "db-api",
      "version": "1.0.0",
      "dev": true,
      "license": "ISC"
    },
    "../../../db/impl": {
      "name": "db-impl",
      "version": "1.0.0",
      "license": "ISC",
      "devDependencies": {
        "@types/db-api": "file:../api"
      }
    },
    "../../../entity/api": {
      "name": "entity-api",
      "version": "1.0.0",
      "dev": true,
      "license": "ISC"
    },
    "../api": {
      "name": "@types/repository-records-api",
      "version": "1.0.0",
      "dev": true,
      "license": "ISC",
      "devDependencies": {
        "@types/entity-api": "file:../../../entity/api"
      }
    },
    "node_modules/@types/db-api": {
      "resolved": "../../../db/api",
      "link": true
    },
    "node_modules/@types/entity-api": {
      "resolved": "../../../entity/api",
      "link": true
    },
    "node_modules/@types/repository-records-api": {
      "resolved": "../api",
      "link": true
    },
    "node_modules/db-impl": {
      "resolved": "../../../db/impl",
      "link": true
    }
  }
}
