{
  "name": "@types/repository-records-api",
  "version": "1.0.0",
  "lockfileVersion": 3,
  "requires": true,
  "packages": {
    "": {
      "name": "@types/repository-records-api",
      "version": "1.0.0",
      "license": "ISC",
      "devDependencies": {
        "@types/entity-api": "file:../../../entity/api"
      }
    },
    "../../../entity/api": {
      "name": "entity-api",
      "version": "1.0.0",
      "dev": true,
      "license": "ISC"
    },
    "node_modules/@types/entity-api": {
      "resolved": "../../../entity/api",
      "link": true
    }
  }
}
